
Microsoft Visual Studio Solution File, Format Version 12.00
# Visual Studio Version 17
VisualStudioVersion = 17.12.35527.113 d17.12
MinimumVisualStudioVersion = 10.0.40219.1
Project("{FAE04EC0-301F-11D3-BF4B-00C04F79EFBC}") = "MidTerm", "MidTerm\MidTerm.csproj", "{14283760-500B-4F46-B636-090C18BDC429}"
EndProject
Project("{FAE04EC0-301F-11D3-BF4B-00C04F79EFBC}") = "MidTermTest", "MidTermTest\MidTermTest.csproj", "{A19C3287-7D4E-42DF-963B-2863B69FE8BD}"
EndProject
Global
	GlobalSection(SolutionConfigurationPlatforms) = preSolution
		Debug|Any CPU = Debug|Any CPU
		Release|Any CPU = Release|Any CPU
	EndGlobalSection
	GlobalSection(ProjectConfigurationPlatforms) = postSolution
		{14283760-500B-4F46-B636-090C18BDC429}.Debug|Any CPU.ActiveCfg = Debug|Any CPU
		{14283760-500B-4F46-B636-090C18BDC429}.Debug|Any CPU.Build.0 = Debug|Any CPU
		{14283760-500B-4F46-B636-090C18BDC429}.Release|Any CPU.ActiveCfg = Release|Any CPU
		{14283760-500B-4F46-B636-090C18BDC429}.Release|Any CPU.Build.0 = Release|Any CPU
		{A19C3287-7D4E-42DF-963B-2863B69FE8BD}.Debug|Any CPU.ActiveCfg = Debug|Any CPU
		{A19C3287-7D4E-42DF-963B-2863B69FE8BD}.Debug|Any CPU.Build.0 = Debug|Any CPU
		{A19C3287-7D4E-42DF-963B-2863B69FE8BD}.Release|Any CPU.ActiveCfg = Release|Any CPU
		{A19C3287-7D4E-42DF-963B-2863B69FE8BD}.Release|Any CPU.Build.0 = Release|Any CPU
	EndGlobalSection
	GlobalSection(SolutionProperties) = preSolution
		HideSolutionNode = FALSE
	EndGlobalSection
EndGlobal
